
Microsoft Visual Studio Solution File, Format Version 12.00
# Visual Studio Version 16
VisualStudioVersion = 16.0.31205.134
MinimumVisualStudioVersion = 10.0.40219.1
Project("{FAE04EC0-301F-11D3-BF4B-00C04F79EFBC}") = "CustData.DatabaseFirst.DALayer", "CustData.DatabaseFirst.DALayer\CustData.DatabaseFirst.DALayer.csproj", "{311D5363-956C-4A48-AE81-EAD44CFEDC48}"
EndProject
Project("{FAE04EC0-301F-11D3-BF4B-00C04F79EFBC}") = "CustData.ConsoleUI", "CustData.ConsoleUI\CustData.ConsoleUI.csproj", "{2F784BB5-957B-423D-B948-F90EBC60FDBE}"
EndProject
Project("{FAE04EC0-301F-11D3-BF4B-00C04F79EFBC}") = "CustData.WebApi", "CustData.WebApi\CustData.WebApi.csproj", "{EF1171C4-1310-41A2-AD08-7231B56598BE}"
EndProject
Global
	GlobalSection(SolutionConfigurationPlatforms) = preSolution
		Debug|Any CPU = Debug|Any CPU
		Release|Any CPU = Release|Any CPU
	EndGlobalSection
	GlobalSection(ProjectConfigurationPlatforms) = postSolution
		{311D5363-956C-4A48-AE81-EAD44CFEDC48}.Debug|Any CPU.ActiveCfg = Debug|Any CPU
		{311D5363-956C-4A48-AE81-EAD44CFEDC48}.Debug|Any CPU.Build.0 = Debug|Any CPU
		{311D5363-956C-4A48-AE81-EAD44CFEDC48}.Release|Any CPU.ActiveCfg = Release|Any CPU
		{311D5363-956C-4A48-AE81-EAD44CFEDC48}.Release|Any CPU.Build.0 = Release|Any CPU
		{2F784BB5-957B-423D-B948-F90EBC60FDBE}.Debug|Any CPU.ActiveCfg = Debug|Any CPU
		{2F784BB5-957B-423D-B948-F90EBC60FDBE}.Debug|Any CPU.Build.0 = Debug|Any CPU
		{2F784BB5-957B-423D-B948-F90EBC60FDBE}.Release|Any CPU.ActiveCfg = Release|Any CPU
		{2F784BB5-957B-423D-B948-F90EBC60FDBE}.Release|Any CPU.Build.0 = Release|Any CPU
		{EF1171C4-1310-41A2-AD08-7231B56598BE}.Debug|Any CPU.ActiveCfg = Debug|Any CPU
		{EF1171C4-1310-41A2-AD08-7231B56598BE}.Debug|Any CPU.Build.0 = Debug|Any CPU
		{EF1171C4-1310-41A2-AD08-7231B56598BE}.Release|Any CPU.ActiveCfg = Release|Any CPU
		{EF1171C4-1310-41A2-AD08-7231B56598BE}.Release|Any CPU.Build.0 = Release|Any CPU
	EndGlobalSection
	GlobalSection(SolutionProperties) = preSolution
		HideSolutionNode = FALSE
	EndGlobalSection
	GlobalSection(ExtensibilityGlobals) = postSolution
		SolutionGuid = {EFBFB11E-8C1C-4713-B99D-C66BFB6B8CCC}
	EndGlobalSection
EndGlobal
